
Microsoft Visual Studio Solution File, Format Version 12.00
# Visual Studio Version 17
VisualStudioVersion = 17.14.36414.22 d17.14
MinimumVisualStudioVersion = 10.0.40219.1
Project("{FAE04EC0-301F-11D3-BF4B-00C04F79EFBC}") = "CRUDSystem", "CRUDSystem\CRUDSystem.csproj", "{8710CB90-E820-473B-8327-7C6FAF4F512A}"
EndProject
Global
	GlobalSection(SolutionConfigurationPlatforms) = preSolution
		Debug|Any CPU = Debug|Any CPU
		Release|Any CPU = Release|Any CPU
	EndGlobalSection
	GlobalSection(ProjectConfigurationPlatforms) = postSolution
		{8710CB90-E820-473B-8327-7C6FAF4F512A}.Debug|Any CPU.ActiveCfg = Debug|Any CPU
		{8710CB90-E820-473B-8327-7C6FAF4F512A}.Debug|Any CPU.Build.0 = Debug|Any CPU
		{8710CB90-E820-473B-8327-7C6FAF4F512A}.Release|Any CPU.ActiveCfg = Release|Any CPU
		{8710CB90-E820-473B-8327-7C6FAF4F512A}.Release|Any CPU.Build.0 = Release|Any CPU
	EndGlobalSection
	GlobalSection(SolutionProperties) = preSolution
		HideSolutionNode = FALSE
	EndGlobalSection
	GlobalSection(ExtensibilityGlobals) = postSolution
		SolutionGuid = {2FA7076A-4448-4288-86DC-013B4CB3E6F7}
	EndGlobalSection
EndGlobal
